
Microsoft Visual Studio Solution File, Format Version 12.00
# Visual Studio Version 17
VisualStudioVersion = 17.11.35327.3
MinimumVisualStudioVersion = 10.0.40219.1
Project("{9A19103F-16F7-4668-BE54-9A1E7A4F7556}") = "ETechTaskManager", "ETechTaskManager\ETechTaskManager.csproj", "{5BF78A7C-70E0-4C33-B724-9AE7B16365D7}"
EndProject
Global
	GlobalSection(SolutionConfigurationPlatforms) = preSolution
		Debug|Any CPU = Debug|Any CPU
		Release|Any CPU = Release|Any CPU
	EndGlobalSection
	GlobalSection(ProjectConfigurationPlatforms) = postSolution
		{5BF78A7C-70E0-4C33-B724-9AE7B16365D7}.Debug|Any CPU.ActiveCfg = Debug|Any CPU
		{5BF78A7C-70E0-4C33-B724-9AE7B16365D7}.Debug|Any CPU.Build.0 = Debug|Any CPU
		{5BF78A7C-70E0-4C33-B724-9AE7B16365D7}.Release|Any CPU.ActiveCfg = Release|Any CPU
		{5BF78A7C-70E0-4C33-B724-9AE7B16365D7}.Release|Any CPU.Build.0 = Release|Any CPU
	EndGlobalSection
	GlobalSection(SolutionProperties) = preSolution
		HideSolutionNode = FALSE
	EndGlobalSection
	GlobalSection(ExtensibilityGlobals) = postSolution
		SolutionGuid = {961EBBD8-EE15-4CA9-B3B1-147FBC80180A}
	EndGlobalSection
EndGlobal
